
Microsoft Visual Studio Solution File, Format Version 12.00
# Visual Studio Version 17
VisualStudioVersion = 17.6.33801.468
MinimumVisualStudioVersion = 10.0.40219.1
Project("{FAE04EC0-301F-11D3-BF4B-00C04F79EFBC}") = "C# Fundamentals_Part_8", "C# Fundamentals_Part_8\C# Fundamentals_Part_8.csproj", "{57C89C3B-95AC-4E45-90A1-27A09B910912}"
EndProject
Global
	GlobalSection(SolutionConfigurationPlatforms) = preSolution
		Debug|Any CPU = Debug|Any CPU
		Release|Any CPU = Release|Any CPU
	EndGlobalSection
	GlobalSection(ProjectConfigurationPlatforms) = postSolution
		{57C89C3B-95AC-4E45-90A1-27A09B910912}.Debug|Any CPU.ActiveCfg = Debug|Any CPU
		{57C89C3B-95AC-4E45-90A1-27A09B910912}.Debug|Any CPU.Build.0 = Debug|Any CPU
		{57C89C3B-95AC-4E45-90A1-27A09B910912}.Release|Any CPU.ActiveCfg = Release|Any CPU
		{57C89C3B-95AC-4E45-90A1-27A09B910912}.Release|Any CPU.Build.0 = Release|Any CPU
	EndGlobalSection
	GlobalSection(SolutionProperties) = preSolution
		HideSolutionNode = FALSE
	EndGlobalSection
	GlobalSection(ExtensibilityGlobals) = postSolution
		SolutionGuid = {16C2DF7C-E359-4E62-8F3E-5F3B4E49491E}
	EndGlobalSection
EndGlobal
