
Microsoft Visual Studio Solution File, Format Version 12.00
# Visual Studio Version 17
VisualStudioVersion = 17.6.33801.468
MinimumVisualStudioVersion = 10.0.40219.1
Project("{FAE04EC0-301F-11D3-BF4B-00C04F79EFBC}") = "C# Fundamentals_Part_11", "C# Fundamentals_Part_11\C# Fundamentals_Part_11.csproj", "{063C8483-1538-4CDA-B52F-86739BC8F20E}"
EndProject
Global
	GlobalSection(SolutionConfigurationPlatforms) = preSolution
		Debug|Any CPU = Debug|Any CPU
		Release|Any CPU = Release|Any CPU
	EndGlobalSection
	GlobalSection(ProjectConfigurationPlatforms) = postSolution
		{063C8483-1538-4CDA-B52F-86739BC8F20E}.Debug|Any CPU.ActiveCfg = Debug|Any CPU
		{063C8483-1538-4CDA-B52F-86739BC8F20E}.Debug|Any CPU.Build.0 = Debug|Any CPU
		{063C8483-1538-4CDA-B52F-86739BC8F20E}.Release|Any CPU.ActiveCfg = Release|Any CPU
		{063C8483-1538-4CDA-B52F-86739BC8F20E}.Release|Any CPU.Build.0 = Release|Any CPU
	EndGlobalSection
	GlobalSection(SolutionProperties) = preSolution
		HideSolutionNode = FALSE
	EndGlobalSection
	GlobalSection(ExtensibilityGlobals) = postSolution
		SolutionGuid = {76F09022-CE63-4449-828D-C7C956ED05E6}
	EndGlobalSection
EndGlobal
