
Microsoft Visual Studio Solution File, Format Version 12.00
# Visual Studio Version 17
VisualStudioVersion = 17.6.33801.468
MinimumVisualStudioVersion = 10.0.40219.1
Project("{FAE04EC0-301F-11D3-BF4B-00C04F79EFBC}") = "C# Fundamentals_Part_1", "C# Fundamentals_Part_1\C# Fundamentals_Part_1.csproj", "{E88F60C5-CA33-4DB9-8602-72B595E6F9B2}"
EndProject
Global
	GlobalSection(SolutionConfigurationPlatforms) = preSolution
		Debug|Any CPU = Debug|Any CPU
		Release|Any CPU = Release|Any CPU
	EndGlobalSection
	GlobalSection(ProjectConfigurationPlatforms) = postSolution
		{E88F60C5-CA33-4DB9-8602-72B595E6F9B2}.Debug|Any CPU.ActiveCfg = Debug|Any CPU
		{E88F60C5-CA33-4DB9-8602-72B595E6F9B2}.Debug|Any CPU.Build.0 = Debug|Any CPU
		{E88F60C5-CA33-4DB9-8602-72B595E6F9B2}.Release|Any CPU.ActiveCfg = Release|Any CPU
		{E88F60C5-CA33-4DB9-8602-72B595E6F9B2}.Release|Any CPU.Build.0 = Release|Any CPU
	EndGlobalSection
	GlobalSection(SolutionProperties) = preSolution
		HideSolutionNode = FALSE
	EndGlobalSection
	GlobalSection(ExtensibilityGlobals) = postSolution
		SolutionGuid = {5383ED69-A536-4B8D-AF43-0B3673564B09}
	EndGlobalSection
EndGlobal
